// !$*UTF8*$!
{
	archiveVersion = 1;
	classes = {
	};
	objectVersion = 46;
	objects = {

/* Begin PBXBuildFile section */
		A58B27DB1B39558F004DF0F8 /* main.m in Sources */ = {isa = PBXBuildFile; fileRef = A58B27DA1B39558F004DF0F8 /* main.m */; };
		A58B27DE1B39558F004DF0F8 /* AppDelegate.m in Sources */ = {isa = PBXBuildFile; fileRef = A58B27DD1B39558F004DF0F8 /* AppDelegate.m */; };
		A58B27E11B39558F004DF0F8 /* ViewController.m in Sources */ = {isa = PBXBuildFile; fileRef = A58B27E01B39558F004DF0F8 /* ViewController.m */; };
		A58B27E41B39558F004DF0F8 /* Main.storyboard in Resources */ = {isa = PBXBuildFile; fileRef = A58B27E21B39558F004DF0F8 /* Main.storyboard */; };
		A58B27E61B39558F004DF0F8 /* Images.xcassets in Resources */ = {isa = PBXBuildFile; fileRef = A58B27E51B39558F004DF0F8 /* Images.xcassets */; };
		A58B27E91B39558F004DF0F8 /* LaunchScreen.xib in Resources */ = {isa = PBXBuildFile; fileRef = A58B27E71B39558F004DF0F8 /* LaunchScreen.xib */; };
		A58B27F51B39558F004DF0F8 /* QuanJiaTests.m in Sources */ = {isa = PBXBuildFile; fileRef = A58B27F41B39558F004DF0F8 /* QuanJiaTests.m */; };
/* End PBXBuildFile section */

/* Begin PBXContainerItemProxy section */
		A58B27EF1B39558F004DF0F8 /* PBXContainerItemProxy */ = {
			isa = PBXContainerItemProxy;
			containerPortal = A58B27CD1B39558F004DF0F8 /* Project object */;
			proxyType = 1;
			remoteGlobalIDString = A58B27D41B39558F004DF0F8;
			remoteInfo = QuanJia;
		};
/* End PBXContainerItemProxy section */

/* Begin PBXFileReference section */
		A58B27D51B39558F004DF0F8 /* QuanJia.app */ = {isa = PBXFileReference; explicitFileType = wrapper.application; includeInIndex = 0; path = QuanJia.app; sourceTree = BUILT_PRODUCTS_DIR; };
		A58B27D91B39558F004DF0F8 /* Info.plist */ = {isa = PBXFileReference; lastKnownFileType = text.plist.xml; path = Info.plist; sourceTree = "<group>"; };
		A58B27DA1B39558F004DF0F8 /* main.m */ = {isa = PBXFileReference; lastKnownFileType = sourcecode.c.objc; path = main.m; sourceTree = "<group>"; };
		A58B27DC1B39558F004DF0F8 /* AppDelegate.h */ = {isa = PBXFileReference; lastKnownFileType = sourcecode.c.h; path = AppDelegate.h; sourceTree = "<group>"; };
		A58B27DD1B39558F004DF0F8 /* AppDelegate.m */ = {isa = PBXFileReference; lastKnownFileType = sourcecode.c.objc; path = AppDelegate.m; sourceTree = "<group>"; };
		A58B27DF1B39558F004DF0F8 /* ViewController.h */ = {isa = PBXFileReference; lastKnownFileType = sourcecode.c.h; path = ViewController.h; sourceTree = "<group>"; };
		A58B27E01B39558F004DF0F8 /* ViewController.m */ = {isa = PBXFileReference; lastKnownFileType = sourcecode.c.objc; path = ViewController.m; sourceTree = "<group>"; };
		A58B27E31B39558F004DF0F8 /* Base */ = {isa = PBXFileReference; lastKnownFileType = file.storyboard; name = Base; path = Base.lproj/Main.storyboard; sourceTree = "<group>"; };
		A58B27E51B39558F004DF0F8 /* Images.xcassets */ = {isa = PBXFileReference; lastKnownFileType = folder.assetcatalog; path = Images.xcassets; sourceTree = "<group>"; };
		A58B27E81B39558F004DF0F8 /* Base */ = {isa = PBXFileReference; lastKnownFileType = file.xib; name = Base; path = Base.lproj/LaunchScreen.xib; sourceTree = "<group>"; };
		A58B27EE1B39558F004DF0F8 /* QuanJiaTests.xctest */ = {isa = PBXFileReference; explicitFileType = wrapper.cfbundle; includeInIndex = 0; path = QuanJiaTests.xctest; sourceTree = BUILT_PRODUCTS_DIR; };
		A58B27F31B39558F004DF0F8 /* Info.plist */ = {isa = PBXFileReference; lastKnownFileType = text.plist.xml; path = Info.plist; sourceTree = "<group>"; };
		A58B27F41B39558F004DF0F8 /* QuanJiaTests.m */ = {isa = PBXFileReference; lastKnownFileType = sourcecode.c.objc; path = QuanJiaTests.m; sourceTree = "<group>"; };
/* End PBXFileReference section */

/* Begin PBXFrameworksBuildPhase section */
		A58B27D21B39558F004DF0F8 /* Frameworks */ = {
			isa = PBXFrameworksBuildPhase;
			buildActionMask = 2147483647;
			files = (
			);
			runOnlyForDeploymentPostprocessing = 0;
		};
		A58B27EB1B39558F004DF0F8 /* Frameworks */ = {
			isa = PBXFrameworksBuildPhase;
			buildActionMask = 2147483647;
			files = (
			);
			runOnlyForDeploymentPostprocessing = 0;
		};
/* End PBXFrameworksBuildPhase section */

/* Begin PBXGroup section */
		A58B27CC1B39558F004DF0F8 = {
			isa = PBXGroup;
			children = (
				A58B27D71B39558F004DF0F8 /* QuanJia */,
				A58B27F11B39558F004DF0F8 /* QuanJiaTests */,
				A58B27D61B39558F004DF0F8 /* Products */,
			);
			sourceTree = "<group>";
		};
		A58B27D61B39558F004DF0F8 /* Products */ = {
			isa = PBXGroup;
			children = (
				A58B27D51B39558F004DF0F8 /* QuanJia.app */,
				A58B27EE1B39558F004DF0F8 /* QuanJiaTests.xctest */,
			);
			name = Products;
			sourceTree = "<group>";
		};
		A58B27D71B39558F004DF0F8 /* QuanJia */ = {
			isa = PBXGroup;
			children = (
				A58B27DC1B39558F004DF0F8 /* AppDelegate.h */,
				A58B27DD1B39558F004DF0F8 /* AppDelegate.m */,
				A58B27DF1B39558F004DF0F8 /* ViewController.h */,
				A58B27E01B39558F004DF0F8 /* ViewController.m */,
				A58B27E21B39558F004DF0F8 /* Main.storyboard */,
				A58B27E51B39558F004DF0F8 /* Images.xcassets */,
				A58B27E71B39558F004DF0F8 /* LaunchScreen.xib */,
				A58B27D81B39558F004DF0F8 /* Supporting Files */,
			);
			path = QuanJia;
			sourceTree = "<group>";
		};
		A58B27D81B39558F004DF0F8 /* Supporting Files */ = {
			isa = PBXGroup;
			children = (
				A58B27D91B39558F004DF0F8 /* Info.plist */,
				A58B27DA1B39558F004DF0F8 /* main.m */,
			);
			name = "Supporting Files";
			sourceTree = "<group>";
		};
		A58B27F11B39558F004DF0F8 /* QuanJiaTests */ = {
			isa = PBXGroup;
			children = (
				A58B27F41B39558F004DF0F8 /* QuanJiaTests.m */,
				A58B27F21B39558F004DF0F8 /* Supporting Files */,
			);
			path = QuanJiaTests;
			sourceTree = "<group>";
		};
		A58B27F21B39558F004DF0F8 /* Supporting Files */ = {
			isa = PBXGroup;
			children = (
				A58B27F31B39558F004DF0F8 /* Info.plist */,
			);
			name = "Supporting Files";
			sourceTree = "<group>";
		};
/* End PBXGroup section */

/* Begin PBXNativeTarget section */
		A58B27D41B39558F004DF0F8 /* QuanJia */ = {
			isa = PBXNativeTarget;
			buildConfigurationList = A58B27F81B39558F004DF0F8 /* Build configuration list for PBXNativeTarget "QuanJia" */;
			buildPhases = (
				A58B27D11B39558F004DF0F8 /* Sources */,
				A58B27D21B39558F004DF0F8 /* Frameworks */,
				A58B27D31B39558F004DF0F8 /* Resources */,
			);
			buildRules = (
			);
			dependencies = (
			);
			name = QuanJia;
			productName = QuanJia;
			productReference = A58B27D51B39558F004DF0F8 /* QuanJia.app */;
			productType = "com.apple.product-type.application";
		};
		A58B27ED1B39558F004DF0F8 /* QuanJiaTests */ = {
			isa = PBXNativeTarget;
			buildConfigurationList = A58B27FB1B39558F004DF0F8 /* Build configuration list for PBXNativeTarget "QuanJiaTests" */;
			buildPhases = (
				A58B27EA1B39558F004DF0F8 /* Sources */,
				A58B27EB1B39558F004DF0F8 /* Frameworks */,
				A58B27EC1B39558F004DF0F8 /* Resources */,
			);
			buildRules = (
			);
			dependencies = (
				A58B27F01B39558F004DF0F8 /* PBXTargetDependency */,
			);
			name = QuanJiaTests;
			productName = QuanJiaTests;
			productReference = A58B27EE1B39558F004DF0F8 /* QuanJiaTests.xctest */;
			productType = "com.apple.product-type.bundle.unit-test";
		};
/* End PBXNativeTarget section */

/* Begin PBXProject section */
		A58B27CD1B39558F004DF0F8 /* Project object */ = {
			isa = PBXProject;
			attributes = {
				LastUpgradeCheck = 0630;
				ORGANIZATIONNAME = shuhang.pku;
				TargetAttributes = {
					A58B27D41B39558F004DF0F8 = {
						CreatedOnToolsVersion = 6.3;
					};
					A58B27ED1B39558F004DF0F8 = {
						CreatedOnToolsVersion = 6.3;
						TestTargetID = A58B27D41B39558F004DF0F8;
					};
				};
			};
			buildConfigurationList = A58B27D01B39558F004DF0F8 /* Build configuration list for PBXProject "QuanJia" */;
			compatibilityVersion = "Xcode 3.2";
			developmentRegion = English;
			hasScannedForEncodings = 0;
			knownRegions = (
				en,
				Base,
			);
			mainGroup = A58B27CC1B39558F004DF0F8;
			productRefGroup = A58B27D61B39558F004DF0F8 /* Products */;
			projectDirPath = "";
			projectRoot = "";
			targets = (
				A58B27D41B39558F004DF0F8 /* QuanJia */,
				A58B27ED1B39558F004DF0F8 /* QuanJiaTests */,
			);
		};
/* End PBXProject section */

/* Begin PBXResourcesBuildPhase section */
		A58B27D31B39558F004DF0F8 /* Resources */ = {
			isa = PBXResourcesBuildPhase;
			buildActionMask = 2147483647;
			files = (
				A58B27E41B39558F004DF0F8 /* Main.storyboard in Resources */,
				A58B27E91B39558F004DF0F8 /* LaunchScreen.xib in Resources */,
				A58B27E61B39558F004DF0F8 /* Images.xcassets in Resources */,
			);
			runOnlyForDeploymentPostprocessing = 0;
		};
		A58B27EC1B39558F004DF0F8 /* Resources */ = {
			isa = PBXResourcesBuildPhase;
			buildActionMask = 2147483647;
			files = (
			);
			runOnlyForDeploymentPostprocessing = 0;
		};
/* End PBXResourcesBuildPhase section */

/* Begin PBXSourcesBuildPhase section */
		A58B27D11B39558F004DF0F8 /* Sources */ = {
			isa = PBXSourcesBuildPhase;
			buildActionMask = 2147483647;
			files = (
				A58B27E11B39558F004DF0F8 /* ViewController.m in Sources */,
				A58B27DE1B39558F004DF0F8 /* AppDelegate.m in Sources */,
				A58B27DB1B39558F004DF0F8 /* main.m in Sources */,
			);
			runOnlyForDeploymentPostprocessing = 0;
		};
		A58B27EA1B39558F004DF0F8 /* Sources */ = {
			isa = PBXSourcesBuildPhase;
			buildActionMask = 2147483647;
			files = (
				A58B27F51B39558F004DF0F8 /* QuanJiaTests.m in Sources */,
			);
			runOnlyForDeploymentPostprocessing = 0;
		};
/* End PBXSourcesBuildPhase section */

/* Begin PBXTargetDependency section */
		A58B27F01B39558F004DF0F8 /* PBXTargetDependency */ = {
			isa = PBXTargetDependency;
			target = A58B27D41B39558F004DF0F8 /* QuanJia */;
			targetProxy = A58B27EF1B39558F004DF0F8 /* PBXContainerItemProxy */;
		};
/* End PBXTargetDependency section */

/* Begin PBXVariantGroup section */
		A58B27E21B39558F004DF0F8 /* Main.storyboard */ = {
			isa = PBXVariantGroup;
			children = (
				A58B27E31B39558F004DF0F8 /* Base */,
			);
			name = Main.storyboard;
			sourceTree = "<group>";
		};
		A58B27E71B39558F004DF0F8 /* LaunchScreen.xib */ = {
			isa = PBXVariantGroup;
			children = (
				A58B27E81B39558F004DF0F8 /* Base */,
			);
			name = LaunchScreen.xib;
			sourceTree = "<group>";
		};
/* End PBXVariantGroup section */

/* Begin XCBuildConfiguration section */
		A58B27F61B39558F004DF0F8 /* Debug */ = {
			isa = XCBuildConfiguration;
			buildSettings = {
				ALWAYS_SEARCH_USER_PATHS = NO;
				CLANG_CXX_LANGUAGE_STANDARD = "gnu++0x";
				CLANG_CXX_LIBRARY = "libc++";
				CLANG_ENABLE_MODULES = YES;
				CLANG_ENABLE_OBJC_ARC = YES;
				CLANG_WARN_BOOL_CONVERSION = YES;
				CLANG_WARN_CONSTANT_CONVERSION = YES;
				CLANG_WARN_DIRECT_OBJC_ISA_USAGE = YES_ERROR;
				CLANG_WARN_EMPTY_BODY = YES;
				CLANG_WARN_ENUM_CONVERSION = YES;
				CLANG_WARN_INT_CONVERSION = YES;
				CLANG_WARN_OBJC_ROOT_CLASS = YES_ERROR;
				CLANG_WARN_UNREACHABLE_CODE = YES;
				CLANG_WARN__DUPLICATE_METHOD_MATCH = YES;
				"CODE_SIGN_IDENTITY[sdk=iphoneos*]" = "iPhone Developer";
				COPY_PHASE_STRIP = NO;
				DEBUG_INFORMATION_FORMAT = "dwarf-with-dsym";
				ENABLE_STRICT_OBJC_MSGSEND = YES;
				GCC_C_LANGUAGE_STANDARD = gnu99;
				GCC_DYNAMIC_NO_PIC = NO;
				GCC_NO_COMMON_BLOCKS = YES;
				GCC_OPTIMIZATION_LEVEL = 0;
				GCC_PREPROCESSOR_DEFINITIONS = (
					"DEBUG=1",
					"$(inherited)",
				);
				GCC_SYMBOLS_PRIVATE_EXTERN = NO;
				GCC_WARN_64_TO_32_BIT_CONVERSION = YES;
				GCC_WARN_ABOUT_RETURN_TYPE = YES_ERROR;
				GCC_WARN_UNDECLARED_SELECTOR = YES;
				GCC_WARN_UNINITIALIZED_AUTOS = YES_AGGRESSIVE;
				GCC_WARN_UNUSED_FUNCTION = YES;
				GCC_WARN_UNUSED_VARIABLE = YES;
				IPHONEOS_DEPLOYMENT_TARGET = 8.3;
				MTL_ENABLE_DEBUG_INFO = YES;
				ONLY_ACTIVE_ARCH = YES;
				SDKROOT = iphoneos;
			};
			name = Debug;
		};
		A58B27F71B39558F004DF0F8 /* Release */ = {
			isa = XCBuildConfiguration;
			buildSettings = {
				ALWAYS_SEARCH_USER_PATHS = NO;
				CLANG_CXX_LANGUAGE_STANDARD = "gnu++0x";
				CLANG_CXX_LIBRARY = "libc++";
				CLANG_ENABLE_MODULES = YES;
				CLANG_ENABLE_OBJC_ARC = YES;
				CLANG_WARN_BOOL_CONVERSION = YES;
				CLANG_WARN_CONSTANT_CONVERSION = YES;
				CLANG_WARN_DIRECT_OBJC_ISA_USAGE = YES_ERROR;
				CLANG_WARN_EMPTY_BODY = YES;
				CLANG_WARN_ENUM_CONVERSION = YES;
				CLANG_WARN_INT_CONVERSION = YES;
				CLANG_WARN_OBJC_ROOT_CLASS = YES_ERROR;
				CLANG_WARN_UNREACHABLE_CODE = YES;
				CLANG_WARN__DUPLICATE_METHOD_MATCH = YES;
				"CODE_SIGN_IDENTITY[sdk=iphoneos*]" = "iPhone Developer";
				COPY_PHASE_STRIP = NO;
				DEBUG_INFORMATION_FORMAT = "dwarf-with-dsym";
				ENABLE_NS_ASSERTIONS = NO;
				ENABLE_STRICT_OBJC_MSGSEND = YES;
				GCC_C_LANGUAGE_STANDARD = gnu99;
				GCC_NO_COMMON_BLOCKS = YES;
				GCC_WARN_64_TO_32_BIT_CONVERSION = YES;
				GCC_WARN_ABOUT_RETURN_TYPE = YES_ERROR;
				GCC_WARN_UNDECLARED_SELECTOR = YES;
				GCC_WARN_UNINITIALIZED_AUTOS = YES_AGGRESSIVE;
				GCC_WARN_UNUSED_FUNCTION = YES;
				GCC_WARN_UNUSED_VARIABLE = YES;
				IPHONEOS_DEPLOYMENT_TARGET = 8.3;
				MTL_ENABLE_DEBUG_INFO = NO;
				SDKROOT = iphoneos;
				VALIDATE_PRODUCT = YES;
			};
			name = Release;
		};
		A58B27F91B39558F004DF0F8 /* Debug */ = {
			isa = XCBuildConfiguration;
			buildSettings = {
				ASSETCATALOG_COMPILER_APPICON_NAME = AppIcon;
				INFOPLIST_FILE = QuanJia/Info.plist;
				LD_RUNPATH_SEARCH_PATHS = "$(inherited) @executable_path/Frameworks";
				PRODUCT_NAME = "$(TARGET_NAME)";
			};
			name = Debug;
		};
		A58B27FA1B39558F004DF0F8 /* Release */ = {
			isa = XCBuildConfiguration;
			buildSettings = {
				ASSETCATALOG_COMPILER_APPICON_NAME = AppIcon;
				INFOPLIST_FILE = QuanJia/Info.plist;
				LD_RUNPATH_SEARCH_PATHS = "$(inherited) @executable_path/Frameworks";
				PRODUCT_NAME = "$(TARGET_NAME)";
			};
			name = Release;
		};
		A58B27FC1B39558F004DF0F8 /* Debug */ = {
			isa = XCBuildConfiguration;
			buildSettings = {
				BUNDLE_LOADER = "$(TEST_HOST)";
				FRAMEWORK_SEARCH_PATHS = (
					"$(SDKROOT)/Developer/Library/Frameworks",
					"$(inherited)",
				);
				GCC_PREPROCESSOR_DEFINITIONS = (
					"DEBUG=1",
					"$(inherited)",
				);
				INFOPLIST_FILE = QuanJiaTests/Info.plist;
				LD_RUNPATH_SEARCH_PATHS = "$(inherited) @executable_path/Frameworks @loader_path/Frameworks";
				PRODUCT_NAME = "$(TARGET_NAME)";
				TEST_HOST = "$(BUILT_PRODUCTS_DIR)/QuanJia.app/QuanJia";
			};
			name = Debug;
		};
		A58B27FD1B39558F004DF0F8 /* Release */ = {
			isa = XCBuildConfiguration;
			buildSettings = {
				BUNDLE_LOADER = "$(TEST_HOST)";
				FRAMEWORK_SEARCH_PATHS = (
					"$(SDKROOT)/Developer/Library/Frameworks",
					"$(inherited)",
				);
				INFOPLIST_FILE = QuanJiaTests/Info.plist;
				LD_RUNPATH_SEARCH_PATHS = "$(inherited) @executable_path/Frameworks @loader_path/Frameworks";
				PRODUCT_NAME = "$(TARGET_NAME)";
				TEST_HOST = "$(BUILT_PRODUCTS_DIR)/QuanJia.app/QuanJia";
			};
			name = Release;
		};
/* End XCBuildConfiguration section */

/* Begin XCConfigurationList section */
		A58B27D01B39558F004DF0F8 /* Build configuration list for PBXProject "QuanJia" */ = {
			isa = XCConfigurationList;
			buildConfigurations = (
				A58B27F61B39558F004DF0F8 /* Debug */,
				A58B27F71B39558F004DF0F8 /* Release */,
			);
			defaultConfigurationIsVisible = 0;
			defaultConfigurationName = Release;
		};
		A58B27F81B39558F004DF0F8 /* Build configuration list for PBXNativeTarget "QuanJia" */ = {
			isa = XCConfigurationList;
			buildConfigurations = (
				A58B27F91B39558F004DF0F8 /* Debug */,
				A58B27FA1B39558F004DF0F8 /* Release */,
			);
			defaultConfigurationIsVisible = 0;
		};
		A58B27FB1B39558F004DF0F8 /* Build configuration list for PBXNativeTarget "QuanJiaTests" */ = {
			isa = XCConfigurationList;
			buildConfigurations = (
				A58B27FC1B39558F004DF0F8 /* Debug */,
				A58B27FD1B39558F004DF0F8 /* Release */,
			);
			defaultConfigurationIsVisible = 0;
		};
/* End XCConfigurationList section */
	};
	rootObject = A58B27CD1B39558F004DF0F8 /* Project object */;
}
